
Microsoft Visual Studio Solution File, Format Version 12.00
# Visual Studio 15
VisualStudioVersion = 15.0.28307.421
MinimumVisualStudioVersion = 10.0.40219.1
Project("{FAE04EC0-301F-11D3-BF4B-00C04F79EFBC}") = "servicioNavautil", "servicioNavautil\servicioNavautil.csproj", "{5388CC7B-DD8F-46D8-9D4C-DBD9988F07DA}"
EndProject
Project("{2150E333-8FDC-42A3-9474-1A3956D46DE8}") = "Dominio", "Dominio", "{32AE1F15-AFBF-4751-84AF-AF2A1F7F4A55}"
EndProject
Project("{2150E333-8FDC-42A3-9474-1A3956D46DE8}") = "Entidades", "Entidades", "{5456004B-9B6B-4F3D-B0B1-7FFFE287CD0A}"
EndProject
Project("{2150E333-8FDC-42A3-9474-1A3956D46DE8}") = "MainModule", "MainModule", "{D1028E16-22B6-4A52-963C-A068C1F6FAF6}"
EndProject
Project("{2150E333-8FDC-42A3-9474-1A3956D46DE8}") = "Infraestructura", "Infraestructura", "{8A58A578-A0A2-452C-BE96-0202E59756A3}"
EndProject
Project("{2150E333-8FDC-42A3-9474-1A3956D46DE8}") = "Data", "Data", "{2AB5A0B6-4BDE-4A1C-B6E3-1D29C06932AD}"
EndProject
Project("{2150E333-8FDC-42A3-9474-1A3956D46DE8}") = "Presentacion", "Presentacion", "{0801566F-2A9F-49DB-A153-56D062B0ED2A}"
EndProject
Project("{2150E333-8FDC-42A3-9474-1A3956D46DE8}") = "Servicio", "Servicio", "{5738A1CF-F201-47AB-A90C-FC5C2DD72181}"
EndProject
Project("{FAE04EC0-301F-11D3-BF4B-00C04F79EFBC}") = "Dominio.Entidades", "Dominio.Entidades\Dominio.Entidades.csproj", "{31D1EFA9-9E01-4D20-9B5F-6AFE0228CD82}"
EndProject
Project("{FAE04EC0-301F-11D3-BF4B-00C04F79EFBC}") = "Infraestructura.Data.SqlServer", "Infraestructura.Data.SqlServer\Infraestructura.Data.SqlServer.csproj", "{87ED8023-C3E7-4B2E-B0DE-0C81F9169C5B}"
EndProject
Project("{FAE04EC0-301F-11D3-BF4B-00C04F79EFBC}") = "Dominio.MainModule", "Dominio.MainModule\Dominio.MainModule.csproj", "{C2B337E8-FFCB-40A9-9619-EEED78169BA5}"
EndProject
Global
	GlobalSection(SolutionConfigurationPlatforms) = preSolution
		Debug|Any CPU = Debug|Any CPU
		Release|Any CPU = Release|Any CPU
	EndGlobalSection
	GlobalSection(ProjectConfigurationPlatforms) = postSolution
		{5388CC7B-DD8F-46D8-9D4C-DBD9988F07DA}.Debug|Any CPU.ActiveCfg = Debug|Any CPU
		{5388CC7B-DD8F-46D8-9D4C-DBD9988F07DA}.Debug|Any CPU.Build.0 = Debug|Any CPU
		{5388CC7B-DD8F-46D8-9D4C-DBD9988F07DA}.Release|Any CPU.ActiveCfg = Release|Any CPU
		{5388CC7B-DD8F-46D8-9D4C-DBD9988F07DA}.Release|Any CPU.Build.0 = Release|Any CPU
		{31D1EFA9-9E01-4D20-9B5F-6AFE0228CD82}.Debug|Any CPU.ActiveCfg = Debug|Any CPU
		{31D1EFA9-9E01-4D20-9B5F-6AFE0228CD82}.Debug|Any CPU.Build.0 = Debug|Any CPU
		{31D1EFA9-9E01-4D20-9B5F-6AFE0228CD82}.Release|Any CPU.ActiveCfg = Release|Any CPU
		{31D1EFA9-9E01-4D20-9B5F-6AFE0228CD82}.Release|Any CPU.Build.0 = Release|Any CPU
		{87ED8023-C3E7-4B2E-B0DE-0C81F9169C5B}.Debug|Any CPU.ActiveCfg = Debug|Any CPU
		{87ED8023-C3E7-4B2E-B0DE-0C81F9169C5B}.Debug|Any CPU.Build.0 = Debug|Any CPU
		{87ED8023-C3E7-4B2E-B0DE-0C81F9169C5B}.Release|Any CPU.ActiveCfg = Release|Any CPU
		{87ED8023-C3E7-4B2E-B0DE-0C81F9169C5B}.Release|Any CPU.Build.0 = Release|Any CPU
		{C2B337E8-FFCB-40A9-9619-EEED78169BA5}.Debug|Any CPU.ActiveCfg = Debug|Any CPU
		{C2B337E8-FFCB-40A9-9619-EEED78169BA5}.Debug|Any CPU.Build.0 = Debug|Any CPU
		{C2B337E8-FFCB-40A9-9619-EEED78169BA5}.Release|Any CPU.ActiveCfg = Release|Any CPU
		{C2B337E8-FFCB-40A9-9619-EEED78169BA5}.Release|Any CPU.Build.0 = Release|Any CPU
	EndGlobalSection
	GlobalSection(SolutionProperties) = preSolution
		HideSolutionNode = FALSE
	EndGlobalSection
	GlobalSection(NestedProjects) = preSolution
		{5388CC7B-DD8F-46D8-9D4C-DBD9988F07DA} = {5738A1CF-F201-47AB-A90C-FC5C2DD72181}
		{5456004B-9B6B-4F3D-B0B1-7FFFE287CD0A} = {32AE1F15-AFBF-4751-84AF-AF2A1F7F4A55}
		{D1028E16-22B6-4A52-963C-A068C1F6FAF6} = {32AE1F15-AFBF-4751-84AF-AF2A1F7F4A55}
		{2AB5A0B6-4BDE-4A1C-B6E3-1D29C06932AD} = {8A58A578-A0A2-452C-BE96-0202E59756A3}
		{5738A1CF-F201-47AB-A90C-FC5C2DD72181} = {0801566F-2A9F-49DB-A153-56D062B0ED2A}
		{31D1EFA9-9E01-4D20-9B5F-6AFE0228CD82} = {5456004B-9B6B-4F3D-B0B1-7FFFE287CD0A}
		{87ED8023-C3E7-4B2E-B0DE-0C81F9169C5B} = {2AB5A0B6-4BDE-4A1C-B6E3-1D29C06932AD}
		{C2B337E8-FFCB-40A9-9619-EEED78169BA5} = {D1028E16-22B6-4A52-963C-A068C1F6FAF6}
	EndGlobalSection
	GlobalSection(ExtensibilityGlobals) = postSolution
		SolutionGuid = {1BBDC4F0-5B78-4169-8680-060F399C17AE}
	EndGlobalSection
EndGlobal
